
Microsoft Visual Studio Solution File, Format Version 12.00
# Visual Studio Version 17
VisualStudioVersion = 17.13.35828.75 d17.13
MinimumVisualStudioVersion = 10.0.40219.1
Project("{FAE04EC0-301F-11D3-BF4B-00C04F79EFBC}") = "Project", "Project.csproj", "{42894FB7-450E-4D00-B4A1-FB08324A2767}"
EndProject
Project("{FAE04EC0-301F-11D3-BF4B-00C04F79EFBC}") = "RecruitmentModel", "..\RecruitmentModel\RecruitmentModel.csproj", "{817344EE-1789-452E-B5D4-AFA8B1F0A7CC}"
EndProject
Project("{FAE04EC0-301F-11D3-BF4B-00C04F79EFBC}") = "Recruitment.CLI", "..\Recruitment.CLI\Recruitment.CLI.csproj", "{33062AFE-3546-4A08-9093-8EFD901C27F5}"
EndProject
Global
	GlobalSection(SolutionConfigurationPlatforms) = preSolution
		Debug|Any CPU = Debug|Any CPU
		Release|Any CPU = Release|Any CPU
	EndGlobalSection
	GlobalSection(ProjectConfigurationPlatforms) = postSolution
		{42894FB7-450E-4D00-B4A1-FB08324A2767}.Debug|Any CPU.ActiveCfg = Debug|Any CPU
		{42894FB7-450E-4D00-B4A1-FB08324A2767}.Debug|Any CPU.Build.0 = Debug|Any CPU
		{42894FB7-450E-4D00-B4A1-FB08324A2767}.Release|Any CPU.ActiveCfg = Release|Any CPU
		{42894FB7-450E-4D00-B4A1-FB08324A2767}.Release|Any CPU.Build.0 = Release|Any CPU
		{817344EE-1789-452E-B5D4-AFA8B1F0A7CC}.Debug|Any CPU.ActiveCfg = Debug|Any CPU
		{817344EE-1789-452E-B5D4-AFA8B1F0A7CC}.Debug|Any CPU.Build.0 = Debug|Any CPU
		{817344EE-1789-452E-B5D4-AFA8B1F0A7CC}.Release|Any CPU.ActiveCfg = Release|Any CPU
		{817344EE-1789-452E-B5D4-AFA8B1F0A7CC}.Release|Any CPU.Build.0 = Release|Any CPU
		{33062AFE-3546-4A08-9093-8EFD901C27F5}.Debug|Any CPU.ActiveCfg = Debug|Any CPU
		{33062AFE-3546-4A08-9093-8EFD901C27F5}.Debug|Any CPU.Build.0 = Debug|Any CPU
		{33062AFE-3546-4A08-9093-8EFD901C27F5}.Release|Any CPU.ActiveCfg = Release|Any CPU
		{33062AFE-3546-4A08-9093-8EFD901C27F5}.Release|Any CPU.Build.0 = Release|Any CPU
	EndGlobalSection
	GlobalSection(SolutionProperties) = preSolution
		HideSolutionNode = FALSE
	EndGlobalSection
	GlobalSection(ExtensibilityGlobals) = postSolution
		SolutionGuid = {4DA5F4AB-C90E-4D98-9E2B-6CB3C9D38461}
	EndGlobalSection
EndGlobal
