
Microsoft Visual Studio Solution File, Format Version 12.00
# Visual Studio Version 17
VisualStudioVersion = 17.13.35828.75 d17.13
MinimumVisualStudioVersion = 10.0.40219.1
Project("{FAE04EC0-301F-11D3-BF4B-00C04F79EFBC}") = "Session 18", "Session 18.csproj", "{2E6BC94F-A1B1-4582-86D2-662E755D9F4C}"
EndProject
Global
	GlobalSection(SolutionConfigurationPlatforms) = preSolution
		Debug|Any CPU = Debug|Any CPU
		Release|Any CPU = Release|Any CPU
	EndGlobalSection
	GlobalSection(ProjectConfigurationPlatforms) = postSolution
		{2E6BC94F-A1B1-4582-86D2-662E755D9F4C}.Debug|Any CPU.ActiveCfg = Debug|Any CPU
		{2E6BC94F-A1B1-4582-86D2-662E755D9F4C}.Debug|Any CPU.Build.0 = Debug|Any CPU
		{2E6BC94F-A1B1-4582-86D2-662E755D9F4C}.Release|Any CPU.ActiveCfg = Release|Any CPU
		{2E6BC94F-A1B1-4582-86D2-662E755D9F4C}.Release|Any CPU.Build.0 = Release|Any CPU
	EndGlobalSection
	GlobalSection(SolutionProperties) = preSolution
		HideSolutionNode = FALSE
	EndGlobalSection
	GlobalSection(ExtensibilityGlobals) = postSolution
		SolutionGuid = {E9B533E1-A30A-4EA6-8DE1-4B0C10062A6C}
	EndGlobalSection
EndGlobal
