
Microsoft Visual Studio Solution File, Format Version 12.00
# Visual Studio Version 17
VisualStudioVersion = 17.13.35828.75 d17.13
MinimumVisualStudioVersion = 10.0.40219.1
Project("{FAE04EC0-301F-11D3-BF4B-00C04F79EFBC}") = "Images", "Images\Images.csproj", "{6418CCDF-CB9F-4F50-88D8-80CE1F5EB059}"
EndProject
Global
	GlobalSection(SolutionConfigurationPlatforms) = preSolution
		Debug|Any CPU = Debug|Any CPU
		Release|Any CPU = Release|Any CPU
	EndGlobalSection
	GlobalSection(ProjectConfigurationPlatforms) = postSolution
		{6418CCDF-CB9F-4F50-88D8-80CE1F5EB059}.Debug|Any CPU.ActiveCfg = Debug|Any CPU
		{6418CCDF-CB9F-4F50-88D8-80CE1F5EB059}.Debug|Any CPU.Build.0 = Debug|Any CPU
		{6418CCDF-CB9F-4F50-88D8-80CE1F5EB059}.Release|Any CPU.ActiveCfg = Release|Any CPU
		{6418CCDF-CB9F-4F50-88D8-80CE1F5EB059}.Release|Any CPU.Build.0 = Release|Any CPU
	EndGlobalSection
	GlobalSection(SolutionProperties) = preSolution
		HideSolutionNode = FALSE
	EndGlobalSection
	GlobalSection(ExtensibilityGlobals) = postSolution
		SolutionGuid = {68630EBF-CF92-4F2A-948A-789DE3D08126}
	EndGlobalSection
EndGlobal
