
Microsoft Visual Studio Solution File, Format Version 12.00
# Visual Studio Version 17
VisualStudioVersion = 17.13.35828.75 d17.13
MinimumVisualStudioVersion = 10.0.40219.1
Project("{FAE04EC0-301F-11D3-BF4B-00C04F79EFBC}") = "GUI", "GUI\GUI.csproj", "{AD49CCBC-8A3E-443B-97EA-3DCA650AD254}"
EndProject
Project("{FAE04EC0-301F-11D3-BF4B-00C04F79EFBC}") = "ClassLibrary1", "ClassLibrary1\ClassLibrary1.csproj", "{0692396D-748B-4C52-AA09-51053190C853}"
EndProject
Global
	GlobalSection(SolutionConfigurationPlatforms) = preSolution
		Debug|Any CPU = Debug|Any CPU
		Release|Any CPU = Release|Any CPU
	EndGlobalSection
	GlobalSection(ProjectConfigurationPlatforms) = postSolution
		{AD49CCBC-8A3E-443B-97EA-3DCA650AD254}.Debug|Any CPU.ActiveCfg = Debug|Any CPU
		{AD49CCBC-8A3E-443B-97EA-3DCA650AD254}.Debug|Any CPU.Build.0 = Debug|Any CPU
		{AD49CCBC-8A3E-443B-97EA-3DCA650AD254}.Release|Any CPU.ActiveCfg = Release|Any CPU
		{AD49CCBC-8A3E-443B-97EA-3DCA650AD254}.Release|Any CPU.Build.0 = Release|Any CPU
		{0692396D-748B-4C52-AA09-51053190C853}.Debug|Any CPU.ActiveCfg = Debug|Any CPU
		{0692396D-748B-4C52-AA09-51053190C853}.Debug|Any CPU.Build.0 = Debug|Any CPU
		{0692396D-748B-4C52-AA09-51053190C853}.Release|Any CPU.ActiveCfg = Release|Any CPU
		{0692396D-748B-4C52-AA09-51053190C853}.Release|Any CPU.Build.0 = Release|Any CPU
	EndGlobalSection
	GlobalSection(SolutionProperties) = preSolution
		HideSolutionNode = FALSE
	EndGlobalSection
	GlobalSection(ExtensibilityGlobals) = postSolution
		SolutionGuid = {29CD39F9-2C80-4E5C-9E5D-4902A534D061}
	EndGlobalSection
EndGlobal
