
Microsoft Visual Studio Solution File, Format Version 12.00
# Visual Studio Version 17
VisualStudioVersion = 17.13.35828.75
MinimumVisualStudioVersion = 10.0.40219.1
Project("{FAE04EC0-301F-11D3-BF4B-00C04F79EFBC}") = "Session 6", "Session 6\Session 6.csproj", "{6D37D0BF-C402-48A3-A0AF-0848D83D819D}"
EndProject
Project("{FAE04EC0-301F-11D3-BF4B-00C04F79EFBC}") = "Sort and Search", "Sort and Search\Sort and Search.csproj", "{4A48BD77-8CF3-4448-BD8C-6D0B826945D5}"
EndProject
Project("{FAE04EC0-301F-11D3-BF4B-00C04F79EFBC}") = "OO-Inheritance", "ConsoleApp1\OO-Inheritance.csproj", "{FECF0410-B836-4998-925F-128F1CE71455}"
EndProject
Global
	GlobalSection(SolutionConfigurationPlatforms) = preSolution
		Debug|Any CPU = Debug|Any CPU
		Release|Any CPU = Release|Any CPU
	EndGlobalSection
	GlobalSection(ProjectConfigurationPlatforms) = postSolution
		{6D37D0BF-C402-48A3-A0AF-0848D83D819D}.Debug|Any CPU.ActiveCfg = Debug|Any CPU
		{6D37D0BF-C402-48A3-A0AF-0848D83D819D}.Debug|Any CPU.Build.0 = Debug|Any CPU
		{6D37D0BF-C402-48A3-A0AF-0848D83D819D}.Release|Any CPU.ActiveCfg = Release|Any CPU
		{6D37D0BF-C402-48A3-A0AF-0848D83D819D}.Release|Any CPU.Build.0 = Release|Any CPU
		{4A48BD77-8CF3-4448-BD8C-6D0B826945D5}.Debug|Any CPU.ActiveCfg = Debug|Any CPU
		{4A48BD77-8CF3-4448-BD8C-6D0B826945D5}.Debug|Any CPU.Build.0 = Debug|Any CPU
		{4A48BD77-8CF3-4448-BD8C-6D0B826945D5}.Release|Any CPU.ActiveCfg = Release|Any CPU
		{4A48BD77-8CF3-4448-BD8C-6D0B826945D5}.Release|Any CPU.Build.0 = Release|Any CPU
		{FECF0410-B836-4998-925F-128F1CE71455}.Debug|Any CPU.ActiveCfg = Debug|Any CPU
		{FECF0410-B836-4998-925F-128F1CE71455}.Debug|Any CPU.Build.0 = Debug|Any CPU
		{FECF0410-B836-4998-925F-128F1CE71455}.Release|Any CPU.ActiveCfg = Release|Any CPU
		{FECF0410-B836-4998-925F-128F1CE71455}.Release|Any CPU.Build.0 = Release|Any CPU
	EndGlobalSection
	GlobalSection(SolutionProperties) = preSolution
		HideSolutionNode = FALSE
	EndGlobalSection
	GlobalSection(ExtensibilityGlobals) = postSolution
		SolutionGuid = {5371FE96-8B14-43E9-B7A6-551B1F67FAC0}
	EndGlobalSection
EndGlobal
