
Microsoft Visual Studio Solution File, Format Version 12.00
# Visual Studio Version 17
VisualStudioVersion = 17.13.35828.75 d17.13
MinimumVisualStudioVersion = 10.0.40219.1
Project("{FAE04EC0-301F-11D3-BF4B-00C04F79EFBC}") = "GeometryLib", "GeometryLib\GeometryLib.csproj", "{7BC365E3-D6A4-4925-8B88-658129F3E36D}"
EndProject
Project("{FAE04EC0-301F-11D3-BF4B-00C04F79EFBC}") = "Program", "ConsoleApp1\Program.csproj", "{1C5EA0A2-AD5F-4740-9375-1076C4399A65}"
EndProject
Global
	GlobalSection(SolutionConfigurationPlatforms) = preSolution
		Debug|Any CPU = Debug|Any CPU
		Release|Any CPU = Release|Any CPU
	EndGlobalSection
	GlobalSection(ProjectConfigurationPlatforms) = postSolution
		{7BC365E3-D6A4-4925-8B88-658129F3E36D}.Debug|Any CPU.ActiveCfg = Debug|Any CPU
		{7BC365E3-D6A4-4925-8B88-658129F3E36D}.Debug|Any CPU.Build.0 = Debug|Any CPU
		{7BC365E3-D6A4-4925-8B88-658129F3E36D}.Release|Any CPU.ActiveCfg = Release|Any CPU
		{7BC365E3-D6A4-4925-8B88-658129F3E36D}.Release|Any CPU.Build.0 = Release|Any CPU
		{1C5EA0A2-AD5F-4740-9375-1076C4399A65}.Debug|Any CPU.ActiveCfg = Debug|Any CPU
		{1C5EA0A2-AD5F-4740-9375-1076C4399A65}.Debug|Any CPU.Build.0 = Debug|Any CPU
		{1C5EA0A2-AD5F-4740-9375-1076C4399A65}.Release|Any CPU.ActiveCfg = Release|Any CPU
		{1C5EA0A2-AD5F-4740-9375-1076C4399A65}.Release|Any CPU.Build.0 = Release|Any CPU
	EndGlobalSection
	GlobalSection(SolutionProperties) = preSolution
		HideSolutionNode = FALSE
	EndGlobalSection
	GlobalSection(ExtensibilityGlobals) = postSolution
		SolutionGuid = {5BEE8B7C-3283-4A73-A191-0BB98A37AFB2}
	EndGlobalSection
EndGlobal
